
Microsoft Visual Studio Solution File, Format Version 12.00
# Visual Studio Version 17
VisualStudioVersion = 17.5.002.0
MinimumVisualStudioVersion = 10.0.40219.1
Project("{9A19103F-16F7-4668-BE54-9A1E7A4F7556}") = "myWebApp", "myWebApp.csproj", "{46DEB81C-1451-4D29-A33D-F02C71A348FD}"
EndProject
Global
	GlobalSection(SolutionConfigurationPlatforms) = preSolution
		Debug|Any CPU = Debug|Any CPU
		Release|Any CPU = Release|Any CPU
	EndGlobalSection
	GlobalSection(ProjectConfigurationPlatforms) = postSolution
		{46DEB81C-1451-4D29-A33D-F02C71A348FD}.Debug|Any CPU.ActiveCfg = Debug|Any CPU
		{46DEB81C-1451-4D29-A33D-F02C71A348FD}.Debug|Any CPU.Build.0 = Debug|Any CPU
		{46DEB81C-1451-4D29-A33D-F02C71A348FD}.Release|Any CPU.ActiveCfg = Release|Any CPU
		{46DEB81C-1451-4D29-A33D-F02C71A348FD}.Release|Any CPU.Build.0 = Release|Any CPU
	EndGlobalSection
	GlobalSection(SolutionProperties) = preSolution
		HideSolutionNode = FALSE
	EndGlobalSection
	GlobalSection(ExtensibilityGlobals) = postSolution
		SolutionGuid = {EA6DA07A-DB54-4749-94DB-324CCEE0EAEE}
	EndGlobalSection
EndGlobal
